// !$*UTF8*$!
{
	archiveVersion = 1;
	classes = {
	};
	objectVersion = 56;
	objects = {

/* Begin PBXBuildFile section */
		A84C42B129874DFA003C88B4 /* PokedexApp.swift in Sources */ = {isa = PBXBuildFile; fileRef = A84C42B029874DFA003C88B4 /* PokedexApp.swift */; };
		A84C42B329874DFA003C88B4 /* ContentView.swift in Sources */ = {isa = PBXBuildFile; fileRef = A84C42B229874DFA003C88B4 /* ContentView.swift */; };
		A84C42B529874DFB003C88B4 /* Assets.xcassets in Resources */ = {isa = PBXBuildFile; fileRef = A84C42B429874DFB003C88B4 /* Assets.xcassets */; };
		A84C42B829874DFB003C88B4 /* Preview Assets.xcassets in Resources */ = {isa = PBXBuildFile; fileRef = A84C42B729874DFB003C88B4 /* Preview Assets.xcassets */; };
		A84C42C229874DFB003C88B4 /* PokedexTests.swift in Sources */ = {isa = PBXBuildFile; fileRef = A84C42C129874DFB003C88B4 /* PokedexTests.swift */; };
		A84C42CC29874DFB003C88B4 /* PokedexUITests.swift in Sources */ = {isa = PBXBuildFile; fileRef = A84C42CB29874DFB003C88B4 /* PokedexUITests.swift */; };
		A84C42CE29874DFB003C88B4 /* PokedexUITestsLaunchTests.swift in Sources */ = {isa = PBXBuildFile; fileRef = A84C42CD29874DFB003C88B4 /* PokedexUITestsLaunchTests.swift */; };
		A84C42DD29874F33003C88B4 /* pokemon.json in Resources */ = {isa = PBXBuildFile; fileRef = A84C42DC29874F33003C88B4 /* pokemon.json */; };
		A84C42E0298750B0003C88B4 /* Helpers.swift in Sources */ = {isa = PBXBuildFile; fileRef = A84C42DF298750B0003C88B4 /* Helpers.swift */; };
		A84C42E329875239003C88B4 /* PokemonModel.swift in Sources */ = {isa = PBXBuildFile; fileRef = A84C42E229875239003C88B4 /* PokemonModel.swift */; };
		A84C42E629875319003C88B4 /* ViewModel.swift in Sources */ = {isa = PBXBuildFile; fileRef = A84C42E529875319003C88B4 /* ViewModel.swift */; };
		A84C42E929875358003C88B4 /* PokemonManager.swift in Sources */ = {isa = PBXBuildFile; fileRef = A84C42E829875358003C88B4 /* PokemonManager.swift */; };
		A84C42EC29875647003C88B4 /* PokemonView.swift in Sources */ = {isa = PBXBuildFile; fileRef = A84C42EB29875647003C88B4 /* PokemonView.swift */; };
		A84C42EE29875814003C88B4 /* PokemonDetailView.swift in Sources */ = {isa = PBXBuildFile; fileRef = A84C42ED29875814003C88B4 /* PokemonDetailView.swift */; };
/* End PBXBuildFile section */

/* Begin PBXContainerItemProxy section */
		A84C42BE29874DFB003C88B4 /* PBXContainerItemProxy */ = {
			isa = PBXContainerItemProxy;
			containerPortal = A84C42A529874DFA003C88B4 /* Project object */;
			proxyType = 1;
			remoteGlobalIDString = A84C42AC29874DFA003C88B4;
			remoteInfo = Pokedex;
		};
		A84C42C829874DFB003C88B4 /* PBXContainerItemProxy */ = {
			isa = PBXContainerItemProxy;
			containerPortal = A84C42A529874DFA003C88B4 /* Project object */;
			proxyType = 1;
			remoteGlobalIDString = A84C42AC29874DFA003C88B4;
			remoteInfo = Pokedex;
		};
/* End PBXContainerItemProxy section */

/* Begin PBXFileReference section */
		A84C42AD29874DFA003C88B4 /* Pokedex.app */ = {isa = PBXFileReference; explicitFileType = wrapper.application; includeInIndex = 0; path = Pokedex.app; sourceTree = BUILT_PRODUCTS_DIR; };
		A84C42B029874DFA003C88B4 /* PokedexApp.swift */ = {isa = PBXFileReference; lastKnownFileType = sourcecode.swift; path = PokedexApp.swift; sourceTree = "<group>"; };
		A84C42B229874DFA003C88B4 /* ContentView.swift */ = {isa = PBXFileReference; lastKnownFileType = sourcecode.swift; path = ContentView.swift; sourceTree = "<group>"; };
		A84C42B429874DFB003C88B4 /* Assets.xcassets */ = {isa = PBXFileReference; lastKnownFileType = folder.assetcatalog; path = Assets.xcassets; sourceTree = "<group>"; };
		A84C42B729874DFB003C88B4 /* Preview Assets.xcassets */ = {isa = PBXFileReference; lastKnownFileType = folder.assetcatalog; path = "Preview Assets.xcassets"; sourceTree = "<group>"; };
		A84C42BD29874DFB003C88B4 /* PokedexTests.xctest */ = {isa = PBXFileReference; explicitFileType = wrapper.cfbundle; includeInIndex = 0; path = PokedexTests.xctest; sourceTree = BUILT_PRODUCTS_DIR; };
		A84C42C129874DFB003C88B4 /* PokedexTests.swift */ = {isa = PBXFileReference; lastKnownFileType = sourcecode.swift; path = PokedexTests.swift; sourceTree = "<group>"; };
		A84C42C729874DFB003C88B4 /* PokedexUITests.xctest */ = {isa = PBXFileReference; explicitFileType = wrapper.cfbundle; includeInIndex = 0; path = PokedexUITests.xctest; sourceTree = BUILT_PRODUCTS_DIR; };
		A84C42CB29874DFB003C88B4 /* PokedexUITests.swift */ = {isa = PBXFileReference; lastKnownFileType = sourcecode.swift; path = PokedexUITests.swift; sourceTree = "<group>"; };
		A84C42CD29874DFB003C88B4 /* PokedexUITestsLaunchTests.swift */ = {isa = PBXFileReference; lastKnownFileType = sourcecode.swift; path = PokedexUITestsLaunchTests.swift; sourceTree = "<group>"; };
		A84C42DC29874F33003C88B4 /* pokemon.json */ = {isa = PBXFileReference; lastKnownFileType = text.json; path = pokemon.json; sourceTree = "<group>"; };
		A84C42DF298750B0003C88B4 /* Helpers.swift */ = {isa = PBXFileReference; lastKnownFileType = sourcecode.swift; path = Helpers.swift; sourceTree = "<group>"; };
		A84C42E229875239003C88B4 /* PokemonModel.swift */ = {isa = PBXFileReference; lastKnownFileType = sourcecode.swift; path = PokemonModel.swift; sourceTree = "<group>"; };
		A84C42E529875319003C88B4 /* ViewModel.swift */ = {isa = PBXFileReference; lastKnownFileType = sourcecode.swift; path = ViewModel.swift; sourceTree = "<group>"; };
		A84C42E829875358003C88B4 /* PokemonManager.swift */ = {isa = PBXFileReference; lastKnownFileType = sourcecode.swift; path = PokemonManager.swift; sourceTree = "<group>"; };
		A84C42EB29875647003C88B4 /* PokemonView.swift */ = {isa = PBXFileReference; lastKnownFileType = sourcecode.swift; path = PokemonView.swift; sourceTree = "<group>"; };
		A84C42ED29875814003C88B4 /* PokemonDetailView.swift */ = {isa = PBXFileReference; lastKnownFileType = sourcecode.swift; path = PokemonDetailView.swift; sourceTree = "<group>"; };
/* End PBXFileReference section */

/* Begin PBXFrameworksBuildPhase section */
		A84C42AA29874DFA003C88B4 /* Frameworks */ = {
			isa = PBXFrameworksBuildPhase;
			buildActionMask = 2147483647;
			files = (
			);
			runOnlyForDeploymentPostprocessing = 0;
		};
		A84C42BA29874DFB003C88B4 /* Frameworks */ = {
			isa = PBXFrameworksBuildPhase;
			buildActionMask = 2147483647;
			files = (
			);
			runOnlyForDeploymentPostprocessing = 0;
		};
		A84C42C429874DFB003C88B4 /* Frameworks */ = {
			isa = PBXFrameworksBuildPhase;
			buildActionMask = 2147483647;
			files = (
			);
			runOnlyForDeploymentPostprocessing = 0;
		};
/* End PBXFrameworksBuildPhase section */

/* Begin PBXGroup section */
		A84C42A429874DFA003C88B4 = {
			isa = PBXGroup;
			children = (
				A84C42AF29874DFA003C88B4 /* Pokedex */,
				A84C42C029874DFB003C88B4 /* PokedexTests */,
				A84C42CA29874DFB003C88B4 /* PokedexUITests */,
				A84C42AE29874DFA003C88B4 /* Products */,
			);
			sourceTree = "<group>";
		};
		A84C42AE29874DFA003C88B4 /* Products */ = {
			isa = PBXGroup;
			children = (
				A84C42AD29874DFA003C88B4 /* Pokedex.app */,
				A84C42BD29874DFB003C88B4 /* PokedexTests.xctest */,
				A84C42C729874DFB003C88B4 /* PokedexUITests.xctest */,
			);
			name = Products;
			sourceTree = "<group>";
		};
		A84C42AF29874DFA003C88B4 /* Pokedex */ = {
			isa = PBXGroup;
			children = (
				A84C42EA29875633003C88B4 /* Views */,
				A84C42E429875306003C88B4 /* ViewModels */,
				A84C42E129875224003C88B4 /* Models */,
				A84C42E72987533C003C88B4 /* Managers */,
				A84C42DA29874F08003C88B4 /* Data */,
				A84C42B029874DFA003C88B4 /* PokedexApp.swift */,
				A84C42DE29875056003C88B4 /* Helpers */,
				A84C42B429874DFB003C88B4 /* Assets.xcassets */,
				A84C42B629874DFB003C88B4 /* Preview Content */,
			);
			path = Pokedex;
			sourceTree = "<group>";
		};
		A84C42B629874DFB003C88B4 /* Preview Content */ = {
			isa = PBXGroup;
			children = (
				A84C42B729874DFB003C88B4 /* Preview Assets.xcassets */,
			);
			path = "Preview Content";
			sourceTree = "<group>";
		};
		A84C42C029874DFB003C88B4 /* PokedexTests */ = {
			isa = PBXGroup;
			children = (
				A84C42C129874DFB003C88B4 /* PokedexTests.swift */,
			);
			path = PokedexTests;
			sourceTree = "<group>";
		};
		A84C42CA29874DFB003C88B4 /* PokedexUITests */ = {
			isa = PBXGroup;
			children = (
				A84C42CB29874DFB003C88B4 /* PokedexUITests.swift */,
				A84C42CD29874DFB003C88B4 /* PokedexUITestsLaunchTests.swift */,
			);
			path = PokedexUITests;
			sourceTree = "<group>";
		};
		A84C42DA29874F08003C88B4 /* Data */ = {
			isa = PBXGroup;
			children = (
				A84C42DC29874F33003C88B4 /* pokemon.json */,
			);
			path = Data;
			sourceTree = "<group>";
		};
		A84C42DE29875056003C88B4 /* Helpers */ = {
			isa = PBXGroup;
			children = (
				A84C42DF298750B0003C88B4 /* Helpers.swift */,
			);
			path = Helpers;
			sourceTree = "<group>";
		};
		A84C42E129875224003C88B4 /* Models */ = {
			isa = PBXGroup;
			children = (
				A84C42E229875239003C88B4 /* PokemonModel.swift */,
			);
			path = Models;
			sourceTree = "<group>";
		};
		A84C42E429875306003C88B4 /* ViewModels */ = {
			isa = PBXGroup;
			children = (
				A84C42E529875319003C88B4 /* ViewModel.swift */,
			);
			path = ViewModels;
			sourceTree = "<group>";
		};
		A84C42E72987533C003C88B4 /* Managers */ = {
			isa = PBXGroup;
			children = (
				A84C42E829875358003C88B4 /* PokemonManager.swift */,
			);
			path = Managers;
			sourceTree = "<group>";
		};
		A84C42EA29875633003C88B4 /* Views */ = {
			isa = PBXGroup;
			children = (
				A84C42B229874DFA003C88B4 /* ContentView.swift */,
				A84C42EB29875647003C88B4 /* PokemonView.swift */,
				A84C42ED29875814003C88B4 /* PokemonDetailView.swift */,
			);
			path = Views;
			sourceTree = "<group>";
		};
/* End PBXGroup section */

/* Begin PBXNativeTarget section */
		A84C42AC29874DFA003C88B4 /* Pokedex */ = {
			isa = PBXNativeTarget;
			buildConfigurationList = A84C42D129874DFB003C88B4 /* Build configuration list for PBXNativeTarget "Pokedex" */;
			buildPhases = (
				A84C42A929874DFA003C88B4 /* Sources */,
				A84C42AA29874DFA003C88B4 /* Frameworks */,
				A84C42AB29874DFA003C88B4 /* Resources */,
			);
			buildRules = (
			);
			dependencies = (
			);
			name = Pokedex;
			productName = Pokedex;
			productReference = A84C42AD29874DFA003C88B4 /* Pokedex.app */;
			productType = "com.apple.product-type.application";
		};
		A84C42BC29874DFB003C88B4 /* PokedexTests */ = {
			isa = PBXNativeTarget;
			buildConfigurationList = A84C42D429874DFB003C88B4 /* Build configuration list for PBXNativeTarget "PokedexTests" */;
			buildPhases = (
				A84C42B929874DFB003C88B4 /* Sources */,
				A84C42BA29874DFB003C88B4 /* Frameworks */,
				A84C42BB29874DFB003C88B4 /* Resources */,
			);
			buildRules = (
			);
			dependencies = (
				A84C42BF29874DFB003C88B4 /* PBXTargetDependency */,
			);
			name = PokedexTests;
			productName = PokedexTests;
			productReference = A84C42BD29874DFB003C88B4 /* PokedexTests.xctest */;
			productType = "com.apple.product-type.bundle.unit-test";
		};
		A84C42C629874DFB003C88B4 /* PokedexUITests */ = {
			isa = PBXNativeTarget;
			buildConfigurationList = A84C42D729874DFB003C88B4 /* Build configuration list for PBXNativeTarget "PokedexUITests" */;
			buildPhases = (
				A84C42C329874DFB003C88B4 /* Sources */,
				A84C42C429874DFB003C88B4 /* Frameworks */,
				A84C42C529874DFB003C88B4 /* Resources */,
			);
			buildRules = (
			);
			dependencies = (
				A84C42C929874DFB003C88B4 /* PBXTargetDependency */,
			);
			name = PokedexUITests;
			productName = PokedexUITests;
			productReference = A84C42C729874DFB003C88B4 /* PokedexUITests.xctest */;
			productType = "com.apple.product-type.bundle.ui-testing";
		};
/* End PBXNativeTarget section */

/* Begin PBXProject section */
		A84C42A529874DFA003C88B4 /* Project object */ = {
			isa = PBXProject;
			attributes = {
				BuildIndependentTargetsInParallel = 1;
				LastSwiftUpdateCheck = 1420;
				LastUpgradeCheck = 1420;
				TargetAttributes = {
					A84C42AC29874DFA003C88B4 = {
						CreatedOnToolsVersion = 14.2;
					};
					A84C42BC29874DFB003C88B4 = {
						CreatedOnToolsVersion = 14.2;
						TestTargetID = A84C42AC29874DFA003C88B4;
					};
					A84C42C629874DFB003C88B4 = {
						CreatedOnToolsVersion = 14.2;
						TestTargetID = A84C42AC29874DFA003C88B4;
					};
				};
			};
			buildConfigurationList = A84C42A829874DFA003C88B4 /* Build configuration list for PBXProject "Pokedex" */;
			compatibilityVersion = "Xcode 14.0";
			developmentRegion = en;
			hasScannedForEncodings = 0;
			knownRegions = (
				en,
				Base,
			);
			mainGroup = A84C42A429874DFA003C88B4;
			productRefGroup = A84C42AE29874DFA003C88B4 /* Products */;
			projectDirPath = "";
			projectRoot = "";
			targets = (
				A84C42AC29874DFA003C88B4 /* Pokedex */,
				A84C42BC29874DFB003C88B4 /* PokedexTests */,
				A84C42C629874DFB003C88B4 /* PokedexUITests */,
			);
		};
/* End PBXProject section */

/* Begin PBXResourcesBuildPhase section */
		A84C42AB29874DFA003C88B4 /* Resources */ = {
			isa = PBXResourcesBuildPhase;
			buildActionMask = 2147483647;
			files = (
				A84C42B829874DFB003C88B4 /* Preview Assets.xcassets in Resources */,
				A84C42DD29874F33003C88B4 /* pokemon.json in Resources */,
				A84C42B529874DFB003C88B4 /* Assets.xcassets in Resources */,
			);
			runOnlyForDeploymentPostprocessing = 0;
		};
		A84C42BB29874DFB003C88B4 /* Resources */ = {
			isa = PBXResourcesBuildPhase;
			buildActionMask = 2147483647;
			files = (
			);
			runOnlyForDeploymentPostprocessing = 0;
		};
		A84C42C529874DFB003C88B4 /* Resources */ = {
			isa = PBXResourcesBuildPhase;
			buildActionMask = 2147483647;
			files = (
			);
			runOnlyForDeploymentPostprocessing = 0;
		};
/* End PBXResourcesBuildPhase section */

/* Begin PBXSourcesBuildPhase section */
		A84C42A929874DFA003C88B4 /* Sources */ = {
			isa = PBXSourcesBuildPhase;
			buildActionMask = 2147483647;
			files = (
				A84C42E629875319003C88B4 /* ViewModel.swift in Sources */,
				A84C42EE29875814003C88B4 /* PokemonDetailView.swift in Sources */,
				A84C42E929875358003C88B4 /* PokemonManager.swift in Sources */,
				A84C42B329874DFA003C88B4 /* ContentView.swift in Sources */,
				A84C42E0298750B0003C88B4 /* Helpers.swift in Sources */,
				A84C42EC29875647003C88B4 /* PokemonView.swift in Sources */,
				A84C42B129874DFA003C88B4 /* PokedexApp.swift in Sources */,
				A84C42E329875239003C88B4 /* PokemonModel.swift in Sources */,
			);
			runOnlyForDeploymentPostprocessing = 0;
		};
		A84C42B929874DFB003C88B4 /* Sources */ = {
			isa = PBXSourcesBuildPhase;
			buildActionMask = 2147483647;
			files = (
				A84C42C229874DFB003C88B4 /* PokedexTests.swift in Sources */,
			);
			runOnlyForDeploymentPostprocessing = 0;
		};
		A84C42C329874DFB003C88B4 /* Sources */ = {
			isa = PBXSourcesBuildPhase;
			buildActionMask = 2147483647;
			files = (
				A84C42CC29874DFB003C88B4 /* PokedexUITests.swift in Sources */,
				A84C42CE29874DFB003C88B4 /* PokedexUITestsLaunchTests.swift in Sources */,
			);
			runOnlyForDeploymentPostprocessing = 0;
		};
/* End PBXSourcesBuildPhase section */

/* Begin PBXTargetDependency section */
		A84C42BF29874DFB003C88B4 /* PBXTargetDependency */ = {
			isa = PBXTargetDependency;
			target = A84C42AC29874DFA003C88B4 /* Pokedex */;
			targetProxy = A84C42BE29874DFB003C88B4 /* PBXContainerItemProxy */;
		};
		A84C42C929874DFB003C88B4 /* PBXTargetDependency */ = {
			isa = PBXTargetDependency;
			target = A84C42AC29874DFA003C88B4 /* Pokedex */;
			targetProxy = A84C42C829874DFB003C88B4 /* PBXContainerItemProxy */;
		};
/* End PBXTargetDependency section */

/* Begin XCBuildConfiguration section */
		A84C42CF29874DFB003C88B4 /* Debug */ = {
			isa = XCBuildConfiguration;
			buildSettings = {
				ALWAYS_SEARCH_USER_PATHS = NO;
				CLANG_ANALYZER_NONNULL = YES;
				CLANG_ANALYZER_NUMBER_OBJECT_CONVERSION = YES_AGGRESSIVE;
				CLANG_CXX_LANGUAGE_STANDARD = "gnu++20";
				CLANG_ENABLE_MODULES = YES;
				CLANG_ENABLE_OBJC_ARC = YES;
				CLANG_ENABLE_OBJC_WEAK = YES;
				CLANG_WARN_BLOCK_CAPTURE_AUTORELEASING = YES;
				CLANG_WARN_BOOL_CONVERSION = YES;
				CLANG_WARN_COMMA = YES;
				CLANG_WARN_CONSTANT_CONVERSION = YES;
				CLANG_WARN_DEPRECATED_OBJC_IMPLEMENTATIONS = YES;
				CLANG_WARN_DIRECT_OBJC_ISA_USAGE = YES_ERROR;
				CLANG_WARN_DOCUMENTATION_COMMENTS = YES;
				CLANG_WARN_EMPTY_BODY = YES;
				CLANG_WARN_ENUM_CONVERSION = YES;
				CLANG_WARN_INFINITE_RECURSION = YES;
				CLANG_WARN_INT_CONVERSION = YES;
				CLANG_WARN_NON_LITERAL_NULL_CONVERSION = YES;
				CLANG_WARN_OBJC_IMPLICIT_RETAIN_SELF = YES;
				CLANG_WARN_OBJC_LITERAL_CONVERSION = YES;
				CLANG_WARN_OBJC_ROOT_CLASS = YES_ERROR;
				CLANG_WARN_QUOTED_INCLUDE_IN_FRAMEWORK_HEADER = YES;
				CLANG_WARN_RANGE_LOOP_ANALYSIS = YES;
				CLANG_WARN_STRICT_PROTOTYPES = YES;
				CLANG_WARN_SUSPICIOUS_MOVE = YES;
				CLANG_WARN_UNGUARDED_AVAILABILITY = YES_AGGRESSIVE;
				CLANG_WARN_UNREACHABLE_CODE = YES;
				CLANG_WARN__DUPLICATE_METHOD_MATCH = YES;
				COPY_PHASE_STRIP = NO;
				DEBUG_INFORMATION_FORMAT = dwarf;
				ENABLE_STRICT_OBJC_MSGSEND = YES;
				ENABLE_TESTABILITY = YES;
				GCC_C_LANGUAGE_STANDARD = gnu11;
				GCC_DYNAMIC_NO_PIC = NO;
				GCC_NO_COMMON_BLOCKS = YES;
				GCC_OPTIMIZATION_LEVEL = 0;
				GCC_PREPROCESSOR_DEFINITIONS = (
					"DEBUG=1",
					"$(inherited)",
				);
				GCC_WARN_64_TO_32_BIT_CONVERSION = YES;
				GCC_WARN_ABOUT_RETURN_TYPE = YES_ERROR;
				GCC_WARN_UNDECLARED_SELECTOR = YES;
				GCC_WARN_UNINITIALIZED_AUTOS = YES_AGGRESSIVE;
				GCC_WARN_UNUSED_FUNCTION = YES;
				GCC_WARN_UNUSED_VARIABLE = YES;
				IPHONEOS_DEPLOYMENT_TARGET = 16.2;
				MTL_ENABLE_DEBUG_INFO = INCLUDE_SOURCE;
				MTL_FAST_MATH = YES;
				ONLY_ACTIVE_ARCH = YES;
				SDKROOT = iphoneos;
				SWIFT_ACTIVE_COMPILATION_CONDITIONS = DEBUG;
				SWIFT_OPTIMIZATION_LEVEL = "-Onone";
			};
			name = Debug;
		};
		A84C42D029874DFB003C88B4 /* Release */ = {
			isa = XCBuildConfiguration;
			buildSettings = {
				ALWAYS_SEARCH_USER_PATHS = NO;
				CLANG_ANALYZER_NONNULL = YES;
				CLANG_ANALYZER_NUMBER_OBJECT_CONVERSION = YES_AGGRESSIVE;
				CLANG_CXX_LANGUAGE_STANDARD = "gnu++20";
				CLANG_ENABLE_MODULES = YES;
				CLANG_ENABLE_OBJC_ARC = YES;
				CLANG_ENABLE_OBJC_WEAK = YES;
				CLANG_WARN_BLOCK_CAPTURE_AUTORELEASING = YES;
				CLANG_WARN_BOOL_CONVERSION = YES;
				CLANG_WARN_COMMA = YES;
				CLANG_WARN_CONSTANT_CONVERSION = YES;
				CLANG_WARN_DEPRECATED_OBJC_IMPLEMENTATIONS = YES;
				CLANG_WARN_DIRECT_OBJC_ISA_USAGE = YES_ERROR;
				CLANG_WARN_DOCUMENTATION_COMMENTS = YES;
				CLANG_WARN_EMPTY_BODY = YES;
				CLANG_WARN_ENUM_CONVERSION = YES;
				CLANG_WARN_INFINITE_RECURSION = YES;
				CLANG_WARN_INT_CONVERSION = YES;
				CLANG_WARN_NON_LITERAL_NULL_CONVERSION = YES;
				CLANG_WARN_OBJC_IMPLICIT_RETAIN_SELF = YES;
				CLANG_WARN_OBJC_LITERAL_CONVERSION = YES;
				CLANG_WARN_OBJC_ROOT_CLASS = YES_ERROR;
				CLANG_WARN_QUOTED_INCLUDE_IN_FRAMEWORK_HEADER = YES;
				CLANG_WARN_RANGE_LOOP_ANALYSIS = YES;
				CLANG_WARN_STRICT_PROTOTYPES = YES;
				CLANG_WARN_SUSPICIOUS_MOVE = YES;
				CLANG_WARN_UNGUARDED_AVAILABILITY = YES_AGGRESSIVE;
				CLANG_WARN_UNREACHABLE_CODE = YES;
				CLANG_WARN__DUPLICATE_METHOD_MATCH = YES;
				COPY_PHASE_STRIP = NO;
				DEBUG_INFORMATION_FORMAT = "dwarf-with-dsym";
				ENABLE_NS_ASSERTIONS = NO;
				ENABLE_STRICT_OBJC_MSGSEND = YES;
				GCC_C_LANGUAGE_STANDARD = gnu11;
				GCC_NO_COMMON_BLOCKS = YES;
				GCC_WARN_64_TO_32_BIT_CONVERSION = YES;
				GCC_WARN_ABOUT_RETURN_TYPE = YES_ERROR;
				GCC_WARN_UNDECLARED_SELECTOR = YES;
				GCC_WARN_UNINITIALIZED_AUTOS = YES_AGGRESSIVE;
				GCC_WARN_UNUSED_FUNCTION = YES;
				GCC_WARN_UNUSED_VARIABLE = YES;
				IPHONEOS_DEPLOYMENT_TARGET = 16.2;
				MTL_ENABLE_DEBUG_INFO = NO;
				MTL_FAST_MATH = YES;
				SDKROOT = iphoneos;
				SWIFT_COMPILATION_MODE = wholemodule;
				SWIFT_OPTIMIZATION_LEVEL = "-O";
				VALIDATE_PRODUCT = YES;
			};
			name = Release;
		};
		A84C42D229874DFB003C88B4 /* Debug */ = {
			isa = XCBuildConfiguration;
			buildSettings = {
				ASSETCATALOG_COMPILER_APPICON_NAME = AppIcon;
				ASSETCATALOG_COMPILER_GLOBAL_ACCENT_COLOR_NAME = AccentColor;
				CODE_SIGN_STYLE = Automatic;
				CURRENT_PROJECT_VERSION = 1;
				DEVELOPMENT_ASSET_PATHS = "\"Pokedex/Preview Content\"";
				DEVELOPMENT_TEAM = FT9NK798M8;
				ENABLE_PREVIEWS = YES;
				GENERATE_INFOPLIST_FILE = YES;
				INFOPLIST_KEY_UIApplicationSceneManifest_Generation = YES;
				INFOPLIST_KEY_UIApplicationSupportsIndirectInputEvents = YES;
				INFOPLIST_KEY_UILaunchScreen_Generation = YES;
				INFOPLIST_KEY_UISupportedInterfaceOrientations_iPad = "UIInterfaceOrientationPortrait UIInterfaceOrientationPortraitUpsideDown UIInterfaceOrientationLandscapeLeft UIInterfaceOrientationLandscapeRight";
				INFOPLIST_KEY_UISupportedInterfaceOrientations_iPhone = "UIInterfaceOrientationPortrait UIInterfaceOrientationLandscapeLeft UIInterfaceOrientationLandscapeRight";
				IPHONEOS_DEPLOYMENT_TARGET = 16.0;
				LD_RUNPATH_SEARCH_PATHS = (
					"$(inherited)",
					"@executable_path/Frameworks",
				);
				MARKETING_VERSION = 1.0;
				PRODUCT_BUNDLE_IDENTIFIER = com.elopez.Pokedex;
				PRODUCT_NAME = "$(TARGET_NAME)";
				SWIFT_EMIT_LOC_STRINGS = YES;
				SWIFT_VERSION = 5.0;
				TARGETED_DEVICE_FAMILY = "1,2";
			};
			name = Debug;
		};
		A84C42D329874DFB003C88B4 /* Release */ = {
			isa = XCBuildConfiguration;
			buildSettings = {
				ASSETCATALOG_COMPILER_APPICON_NAME = AppIcon;
				ASSETCATALOG_COMPILER_GLOBAL_ACCENT_COLOR_NAME = AccentColor;
				CODE_SIGN_STYLE = Automatic;
				CURRENT_PROJECT_VERSION = 1;
				DEVELOPMENT_ASSET_PATHS = "\"Pokedex/Preview Content\"";
				DEVELOPMENT_TEAM = FT9NK798M8;
				ENABLE_PREVIEWS = YES;
				GENERATE_INFOPLIST_FILE = YES;
				INFOPLIST_KEY_UIApplicationSceneManifest_Generation = YES;
				INFOPLIST_KEY_UIApplicationSupportsIndirectInputEvents = YES;
				INFOPLIST_KEY_UILaunchScreen_Generation = YES;
				INFOPLIST_KEY_UISupportedInterfaceOrientations_iPad = "UIInterfaceOrientationPortrait UIInterfaceOrientationPortraitUpsideDown UIInterfaceOrientationLandscapeLeft UIInterfaceOrientationLandscapeRight";
				INFOPLIST_KEY_UISupportedInterfaceOrientations_iPhone = "UIInterfaceOrientationPortrait UIInterfaceOrientationLandscapeLeft UIInterfaceOrientationLandscapeRight";
				IPHONEOS_DEPLOYMENT_TARGET = 16.0;
				LD_RUNPATH_SEARCH_PATHS = (
					"$(inherited)",
					"@executable_path/Frameworks",
				);
				MARKETING_VERSION = 1.0;
				PRODUCT_BUNDLE_IDENTIFIER = com.elopez.Pokedex;
				PRODUCT_NAME = "$(TARGET_NAME)";
				SWIFT_EMIT_LOC_STRINGS = YES;
				SWIFT_VERSION = 5.0;
				TARGETED_DEVICE_FAMILY = "1,2";
			};
			name = Release;
		};
		A84C42D529874DFB003C88B4 /* Debug */ = {
			isa = XCBuildConfiguration;
			buildSettings = {
				ALWAYS_EMBED_SWIFT_STANDARD_LIBRARIES = YES;
				BUNDLE_LOADER = "$(TEST_HOST)";
				CODE_SIGN_STYLE = Automatic;
				CURRENT_PROJECT_VERSION = 1;
				GENERATE_INFOPLIST_FILE = YES;
				IPHONEOS_DEPLOYMENT_TARGET = 16.2;
				MARKETING_VERSION = 1.0;
				PRODUCT_BUNDLE_IDENTIFIER = com.elopez.PokedexTests;
				PRODUCT_NAME = "$(TARGET_NAME)";
				SWIFT_EMIT_LOC_STRINGS = NO;
				SWIFT_VERSION = 5.0;
				TARGETED_DEVICE_FAMILY = "1,2";
				TEST_HOST = "$(BUILT_PRODUCTS_DIR)/Pokedex.app/$(BUNDLE_EXECUTABLE_FOLDER_PATH)/Pokedex";
			};
			name = Debug;
		};
		A84C42D629874DFB003C88B4 /* Release */ = {
			isa = XCBuildConfiguration;
			buildSettings = {
				ALWAYS_EMBED_SWIFT_STANDARD_LIBRARIES = YES;
				BUNDLE_LOADER = "$(TEST_HOST)";
				CODE_SIGN_STYLE = Automatic;
				CURRENT_PROJECT_VERSION = 1;
				GENERATE_INFOPLIST_FILE = YES;
				IPHONEOS_DEPLOYMENT_TARGET = 16.2;
				MARKETING_VERSION = 1.0;
				PRODUCT_BUNDLE_IDENTIFIER = com.elopez.PokedexTests;
				PRODUCT_NAME = "$(TARGET_NAME)";
				SWIFT_EMIT_LOC_STRINGS = NO;
				SWIFT_VERSION = 5.0;
				TARGETED_DEVICE_FAMILY = "1,2";
				TEST_HOST = "$(BUILT_PRODUCTS_DIR)/Pokedex.app/$(BUNDLE_EXECUTABLE_FOLDER_PATH)/Pokedex";
			};
			name = Release;
		};
		A84C42D829874DFB003C88B4 /* Debug */ = {
			isa = XCBuildConfiguration;
			buildSettings = {
				ALWAYS_EMBED_SWIFT_STANDARD_LIBRARIES = YES;
				CODE_SIGN_STYLE = Automatic;
				CURRENT_PROJECT_VERSION = 1;
				GENERATE_INFOPLIST_FILE = YES;
				MARKETING_VERSION = 1.0;
				PRODUCT_BUNDLE_IDENTIFIER = com.elopez.PokedexUITests;
				PRODUCT_NAME = "$(TARGET_NAME)";
				SWIFT_EMIT_LOC_STRINGS = NO;
				SWIFT_VERSION = 5.0;
				TARGETED_DEVICE_FAMILY = "1,2";
				TEST_TARGET_NAME = Pokedex;
			};
			name = Debug;
		};
		A84C42D929874DFB003C88B4 /* Release */ = {
			isa = XCBuildConfiguration;
			buildSettings = {
				ALWAYS_EMBED_SWIFT_STANDARD_LIBRARIES = YES;
				CODE_SIGN_STYLE = Automatic;
				CURRENT_PROJECT_VERSION = 1;
				GENERATE_INFOPLIST_FILE = YES;
				MARKETING_VERSION = 1.0;
				PRODUCT_BUNDLE_IDENTIFIER = com.elopez.PokedexUITests;
				PRODUCT_NAME = "$(TARGET_NAME)";
				SWIFT_EMIT_LOC_STRINGS = NO;
				SWIFT_VERSION = 5.0;
				TARGETED_DEVICE_FAMILY = "1,2";
				TEST_TARGET_NAME = Pokedex;
			};
			name = Release;
		};
/* End XCBuildConfiguration section */

/* Begin XCConfigurationList section */
		A84C42A829874DFA003C88B4 /* Build configuration list for PBXProject "Pokedex" */ = {
			isa = XCConfigurationList;
			buildConfigurations = (
				A84C42CF29874DFB003C88B4 /* Debug */,
				A84C42D029874DFB003C88B4 /* Release */,
			);
			defaultConfigurationIsVisible = 0;
			defaultConfigurationName = Release;
		};
		A84C42D129874DFB003C88B4 /* Build configuration list for PBXNativeTarget "Pokedex" */ = {
			isa = XCConfigurationList;
			buildConfigurations = (
				A84C42D229874DFB003C88B4 /* Debug */,
				A84C42D329874DFB003C88B4 /* Release */,
			);
			defaultConfigurationIsVisible = 0;
			defaultConfigurationName = Release;
		};
		A84C42D429874DFB003C88B4 /* Build configuration list for PBXNativeTarget "PokedexTests" */ = {
			isa = XCConfigurationList;
			buildConfigurations = (
				A84C42D529874DFB003C88B4 /* Debug */,
				A84C42D629874DFB003C88B4 /* Release */,
			);
			defaultConfigurationIsVisible = 0;
			defaultConfigurationName = Release;
		};
		A84C42D729874DFB003C88B4 /* Build configuration list for PBXNativeTarget "PokedexUITests" */ = {
			isa = XCConfigurationList;
			buildConfigurations = (
				A84C42D829874DFB003C88B4 /* Debug */,
				A84C42D929874DFB003C88B4 /* Release */,
			);
			defaultConfigurationIsVisible = 0;
			defaultConfigurationName = Release;
		};
/* End XCConfigurationList section */
	};
	rootObject = A84C42A529874DFA003C88B4 /* Project object */;
}
